
Microsoft Visual Studio Solution File, Format Version 12.00
# Visual Studio Version 17
VisualStudioVersion = 17.4.33110.190
MinimumVisualStudioVersion = 10.0.40219.1
Project("{FAE04EC0-301F-11D3-BF4B-00C04F79EFBC}") = "PMS_API", "PMS_API\PMS_API.csproj", "{B37E831C-9416-46B5-9F3E-4B60D7F5AF07}"
EndProject
Global
	GlobalSection(SolutionConfigurationPlatforms) = preSolution
		Debug|Any CPU = Debug|Any CPU
		Release|Any CPU = Release|Any CPU
	EndGlobalSection
	GlobalSection(ProjectConfigurationPlatforms) = postSolution
		{B37E831C-9416-46B5-9F3E-4B60D7F5AF07}.Debug|Any CPU.ActiveCfg = Debug|Any CPU
		{B37E831C-9416-46B5-9F3E-4B60D7F5AF07}.Debug|Any CPU.Build.0 = Debug|Any CPU
		{B37E831C-9416-46B5-9F3E-4B60D7F5AF07}.Release|Any CPU.ActiveCfg = Release|Any CPU
		{B37E831C-9416-46B5-9F3E-4B60D7F5AF07}.Release|Any CPU.Build.0 = Release|Any CPU
	EndGlobalSection
	GlobalSection(SolutionProperties) = preSolution
		HideSolutionNode = FALSE
	EndGlobalSection
	GlobalSection(ExtensibilityGlobals) = postSolution
		SolutionGuid = {69AC75C3-720E-421F-8DC1-01A1B9D0D1A2}
	EndGlobalSection
EndGlobal
